
Microsoft Visual Studio Solution File, Format Version 12.00
# Visual Studio Version 16
VisualStudioVersion = 16.0.29215.179
MinimumVisualStudioVersion = 10.0.40219.1
Project("{FAE04EC0-301F-11D3-BF4B-00C04F79EFBC}") = "Moded_Subdomainfinder", "Moded_Subdomainfinder\Moded_Subdomainfinder.csproj", "{F0C4593B-48BE-476B-B9BB-167EEE32DF45}"
EndProject
Global
	GlobalSection(SolutionConfigurationPlatforms) = preSolution
		Debug|Any CPU = Debug|Any CPU
		Release|Any CPU = Release|Any CPU
	EndGlobalSection
	GlobalSection(ProjectConfigurationPlatforms) = postSolution
		{F0C4593B-48BE-476B-B9BB-167EEE32DF45}.Debug|Any CPU.ActiveCfg = Debug|Any CPU
		{F0C4593B-48BE-476B-B9BB-167EEE32DF45}.Debug|Any CPU.Build.0 = Debug|Any CPU
		{F0C4593B-48BE-476B-B9BB-167EEE32DF45}.Release|Any CPU.ActiveCfg = Release|Any CPU
		{F0C4593B-48BE-476B-B9BB-167EEE32DF45}.Release|Any CPU.Build.0 = Release|Any CPU
	EndGlobalSection
	GlobalSection(SolutionProperties) = preSolution
		HideSolutionNode = FALSE
	EndGlobalSection
	GlobalSection(ExtensibilityGlobals) = postSolution
		SolutionGuid = {EF9C527B-F1F8-481A-B018-872EB0F5CF68}
	EndGlobalSection
EndGlobal
